{
  "nodes": {
    "cooklang-chef": {
      "inputs": {
        "nixpkgs": "nixpkgs"
      },
      "locked": {
        "lastModified": 1691423393,
        "narHash": "sha256-oJ6iMYBYPsLJA314iQSm8XJhcK+oY3BB9L+11VLjcZM=",
        "owner": "silky",
        "repo": "cooklang-chef",
        "rev": "65bbf863fabde58c09fddb67725fbe35bf685cd7",
        "type": "github"
      },
      "original": {
        "owner": "silky",
        "ref": "nix-hacking",
        "repo": "cooklang-chef",
        "type": "github"
      }
    },
    "home-manager": {
      "inputs": {
        "nixpkgs": "nixpkgs_2"
      },
      "locked": {
        "lastModified": 1700814205,
        "narHash": "sha256-lWqDPKHRbQfi+zNIivf031BUeyciVOtwCwTjyrhDB5g=",
        "owner": "nix-community",
        "repo": "home-manager",
        "rev": "aeb2232d7a32530d3448318790534d196bf9427a",
        "type": "github"
      },
      "original": {
        "owner": "nix-community",
        "ref": "release-23.11",
        "repo": "home-manager",
        "type": "github"
      }
    },
    "nixos-hardware": {
      "locked": {
        "lastModified": 1701250978,
        "narHash": "sha256-ohu3cz4edjpGxs2qUTgbs0WrnewOX4crnUJNEB6Jox4=",
        "owner": "NixOS",
        "repo": "nixos-hardware",
        "rev": "8772491ed75f150f02552c60694e1beff9f46013",
        "type": "github"
      },
      "original": {
        "owner": "NixOS",
        "ref": "master",
        "repo": "nixos-hardware",
        "type": "github"
      }
    },
    "nixpkgs": {
      "locked": {
        "lastModified": 1691276849,
        "narHash": "sha256-RNnrzxhW38SOFIF6TY/WaX7VB3PCkYFEeRE5YZU+wHw=",
        "owner": "nixos",
        "repo": "nixpkgs",
        "rev": "5faab29808a2d72f4ee0c44c8e850e4e6ada972f",
        "type": "github"
      },
      "original": {
        "owner": "nixos",
        "ref": "nixos-unstable",
        "repo": "nixpkgs",
        "type": "github"
      }
    },
    "nixpkgs_2": {
      "locked": {
        "lastModified": 1700204040,
        "narHash": "sha256-xSVcS5HBYnD3LTer7Y2K8ZQCDCXMa3QUD1MzRjHzuhI=",
        "owner": "NixOS",
        "repo": "nixpkgs",
        "rev": "c757e9bd77b16ca2e03c89bf8bc9ecb28e0c06ad",
        "type": "github"
      },
      "original": {
        "owner": "NixOS",
        "ref": "nixos-unstable",
        "repo": "nixpkgs",
        "type": "github"
      }
    },
    "nixpkgs_3": {
      "locked": {
        "lastModified": 1701263465,
        "narHash": "sha256-lNXUIlkfyDyp9Ox21hr+wsEf/IBklLvb6bYcyeXbdRc=",
        "owner": "NixOS",
        "repo": "nixpkgs",
        "rev": "50aa30a13c4ab5e7ba282da460a3e3d44e9d0eb3",
        "type": "github"
      },
      "original": {
        "id": "nixpkgs",
        "ref": "nixos-23.11",
        "type": "indirect"
      }
    },
    "root": {
      "inputs": {
        "cooklang-chef": "cooklang-chef",
        "home-manager": "home-manager",
        "nixos-hardware": "nixos-hardware",
        "nixpkgs": "nixpkgs_3",
        "unstable": "unstable"
      }
    },
    "unstable": {
      "locked": {
        "lastModified": 1701068326,
        "narHash": "sha256-vmMceA+q6hG1yrjb+MP8T0YFDQIrW3bl45e7z24IEts=",
        "owner": "NixOS",
        "repo": "nixpkgs",
        "rev": "8cfef6986adfb599ba379ae53c9f5631ecd2fd9c",
        "type": "github"
      },
      "original": {
        "id": "nixpkgs",
        "ref": "nixos-unstable",
        "type": "indirect"
      }
    }
  },
  "root": "root",
  "version": 7
}
