{
  "nodes": {
    "cooklang-chef": {
      "inputs": {
        "nixpkgs": "nixpkgs"
      },
      "locked": {
        "lastModified": 1691423393,
        "narHash": "sha256-oJ6iMYBYPsLJA314iQSm8XJhcK+oY3BB9L+11VLjcZM=",
        "owner": "silky",
        "repo": "cooklang-chef",
        "rev": "65bbf863fabde58c09fddb67725fbe35bf685cd7",
        "type": "github"
      },
      "original": {
        "owner": "silky",
        "ref": "nix-hacking",
        "repo": "cooklang-chef",
        "type": "github"
      }
    },
    "home-manager": {
      "inputs": {
        "nixpkgs": "nixpkgs_2"
      },
      "locked": {
        "lastModified": 1692099905,
        "narHash": "sha256-/pSusGhmIdSdAaywQRFA5dVbfdIzlWQTecM+E46+cJ0=",
        "owner": "nix-community",
        "repo": "home-manager",
        "rev": "2a6679aa9cc3872c29ba2a57fe1b71b3e3c5649f",
        "type": "github"
      },
      "original": {
        "owner": "nix-community",
        "ref": "release-23.05",
        "repo": "home-manager",
        "type": "github"
      }
    },
    "nixos-hardware": {
      "locked": {
        "lastModified": 1692952286,
        "narHash": "sha256-TsrtPv3+Q1KR0avZxpiJH+b6fX/R/hEQVHbjl1ebotY=",
        "owner": "NixOS",
        "repo": "nixos-hardware",
        "rev": "817e297fc3352fadc15f2c5306909aa9192d7d97",
        "type": "github"
      },
      "original": {
        "owner": "NixOS",
        "ref": "master",
        "repo": "nixos-hardware",
        "type": "github"
      }
    },
    "nixpkgs": {
      "locked": {
        "lastModified": 1691276849,
        "narHash": "sha256-RNnrzxhW38SOFIF6TY/WaX7VB3PCkYFEeRE5YZU+wHw=",
        "owner": "nixos",
        "repo": "nixpkgs",
        "rev": "5faab29808a2d72f4ee0c44c8e850e4e6ada972f",
        "type": "github"
      },
      "original": {
        "owner": "nixos",
        "ref": "nixos-unstable",
        "repo": "nixpkgs",
        "type": "github"
      }
    },
    "nixpkgs_2": {
      "locked": {
        "lastModified": 1687466461,
        "narHash": "sha256-oupXI7g7RPzlpGUfAu1xG4KBK53GrZH8/xeKgKDB4+Q=",
        "owner": "nixos",
        "repo": "nixpkgs",
        "rev": "ecb441f22067ba1d6312f4932a7c64efa8d19a7b",
        "type": "github"
      },
      "original": {
        "owner": "nixos",
        "ref": "nixos-23.05",
        "repo": "nixpkgs",
        "type": "github"
      }
    },
    "nixpkgs_3": {
      "locked": {
        "lastModified": 1692986144,
        "narHash": "sha256-M4VFpy7Av9j+33HF5nIGm0k2+DXXW4qSSKdidIKg5jY=",
        "owner": "NixOS",
        "repo": "nixpkgs",
        "rev": "74e5bdc5478ebbe7ba5849f0d765f92757bb9dbf",
        "type": "github"
      },
      "original": {
        "id": "nixpkgs",
        "ref": "nixos-23.05",
        "type": "indirect"
      }
    },
    "root": {
      "inputs": {
        "cooklang-chef": "cooklang-chef",
        "home-manager": "home-manager",
        "nixos-hardware": "nixos-hardware",
        "nixpkgs": "nixpkgs_3",
        "unstable": "unstable"
      }
    },
    "unstable": {
      "locked": {
        "lastModified": 1692913444,
        "narHash": "sha256-1SvMQm2DwofNxXVtNWWtIcTh7GctEVrS/Xel/mdc6iY=",
        "owner": "NixOS",
        "repo": "nixpkgs",
        "rev": "18324978d632ffc55ef1d928e81630c620f4f447",
        "type": "github"
      },
      "original": {
        "id": "nixpkgs",
        "ref": "nixos-unstable",
        "type": "indirect"
      }
    }
  },
  "root": "root",
  "version": 7
}
